
Microsoft Visual Studio Solution File, Format Version 12.00
# Visual Studio Version 17
VisualStudioVersion = 17.4.33205.214
MinimumVisualStudioVersion = 10.0.40219.1
Project("{9A19103F-16F7-4668-BE54-9A1E7A4F7556}") = "AdoDotNetDemo", "AdoDotNet\AdoDotNetDemo.csproj", "{21295505-4ABE-4FEE-B21F-0BC3B1920EF0}"
EndProject
Project("{FAE04EC0-301F-11D3-BF4B-00C04F79EFBC}") = "Tasks", "Tasks\Tasks.csproj", "{A9639130-1F36-4A5B-AF36-B4C9899C58BE}"
EndProject
Global
	GlobalSection(SolutionConfigurationPlatforms) = preSolution
		Debug|Any CPU = Debug|Any CPU
		Release|Any CPU = Release|Any CPU
	EndGlobalSection
	GlobalSection(ProjectConfigurationPlatforms) = postSolution
		{21295505-4ABE-4FEE-B21F-0BC3B1920EF0}.Debug|Any CPU.ActiveCfg = Debug|Any CPU
		{21295505-4ABE-4FEE-B21F-0BC3B1920EF0}.Debug|Any CPU.Build.0 = Debug|Any CPU
		{21295505-4ABE-4FEE-B21F-0BC3B1920EF0}.Release|Any CPU.ActiveCfg = Release|Any CPU
		{21295505-4ABE-4FEE-B21F-0BC3B1920EF0}.Release|Any CPU.Build.0 = Release|Any CPU
		{A9639130-1F36-4A5B-AF36-B4C9899C58BE}.Debug|Any CPU.ActiveCfg = Debug|Any CPU
		{A9639130-1F36-4A5B-AF36-B4C9899C58BE}.Debug|Any CPU.Build.0 = Debug|Any CPU
		{A9639130-1F36-4A5B-AF36-B4C9899C58BE}.Release|Any CPU.ActiveCfg = Release|Any CPU
		{A9639130-1F36-4A5B-AF36-B4C9899C58BE}.Release|Any CPU.Build.0 = Release|Any CPU
	EndGlobalSection
	GlobalSection(SolutionProperties) = preSolution
		HideSolutionNode = FALSE
	EndGlobalSection
	GlobalSection(ExtensibilityGlobals) = postSolution
		SolutionGuid = {2879A312-5940-42DB-B1A2-1F921C5FC642}
	EndGlobalSection
EndGlobal
