
Microsoft Visual Studio Solution File, Format Version 12.00
# Visual Studio Version 17
VisualStudioVersion = 17.4.33403.182
MinimumVisualStudioVersion = 10.0.40219.1
Project("{FAE04EC0-301F-11D3-BF4B-00C04F79EFBC}") = "MVCIntroDemo", "MVCIntroDemo\MVCIntroDemo.csproj", "{A3797D0B-42D6-4211-AAD5-A1415FF56FB6}"
EndProject
Global
	GlobalSection(SolutionConfigurationPlatforms) = preSolution
		Debug|Any CPU = Debug|Any CPU
		Release|Any CPU = Release|Any CPU
	EndGlobalSection
	GlobalSection(ProjectConfigurationPlatforms) = postSolution
		{A3797D0B-42D6-4211-AAD5-A1415FF56FB6}.Debug|Any CPU.ActiveCfg = Debug|Any CPU
		{A3797D0B-42D6-4211-AAD5-A1415FF56FB6}.Debug|Any CPU.Build.0 = Debug|Any CPU
		{A3797D0B-42D6-4211-AAD5-A1415FF56FB6}.Release|Any CPU.ActiveCfg = Release|Any CPU
		{A3797D0B-42D6-4211-AAD5-A1415FF56FB6}.Release|Any CPU.Build.0 = Release|Any CPU
	EndGlobalSection
	GlobalSection(SolutionProperties) = preSolution
		HideSolutionNode = FALSE
	EndGlobalSection
	GlobalSection(ExtensibilityGlobals) = postSolution
		SolutionGuid = {1CA92551-D52B-40A8-BF0B-F8C6FD08B007}
	EndGlobalSection
EndGlobal
