
Microsoft Visual Studio Solution File, Format Version 12.00
# Visual Studio Version 17
VisualStudioVersion = 17.2.32516.85
MinimumVisualStudioVersion = 10.0.40219.1
Project("{9A19103F-16F7-4668-BE54-9A1E7A4F7556}") = "OddLines", "OddLines\OddLines.csproj", "{B6DB45C7-25C2-4539-A4BA-E00B981C62FA}"
EndProject
Project("{FAE04EC0-301F-11D3-BF4B-00C04F79EFBC}") = "LineNumbers", "LineNumbers\LineNumbers.csproj", "{CC20683A-2464-456C-BC4F-7AA729CB8294}"
EndProject
Project("{FAE04EC0-301F-11D3-BF4B-00C04F79EFBC}") = "WordCountTask", "WordCountTask\WordCountTask.csproj", "{ECE595CA-50BD-4418-B157-E8BCF93B5490}"
EndProject
Global
	GlobalSection(SolutionConfigurationPlatforms) = preSolution
		Debug|Any CPU = Debug|Any CPU
		Release|Any CPU = Release|Any CPU
	EndGlobalSection
	GlobalSection(ProjectConfigurationPlatforms) = postSolution
		{B6DB45C7-25C2-4539-A4BA-E00B981C62FA}.Debug|Any CPU.ActiveCfg = Debug|Any CPU
		{B6DB45C7-25C2-4539-A4BA-E00B981C62FA}.Debug|Any CPU.Build.0 = Debug|Any CPU
		{B6DB45C7-25C2-4539-A4BA-E00B981C62FA}.Release|Any CPU.ActiveCfg = Release|Any CPU
		{B6DB45C7-25C2-4539-A4BA-E00B981C62FA}.Release|Any CPU.Build.0 = Release|Any CPU
		{CC20683A-2464-456C-BC4F-7AA729CB8294}.Debug|Any CPU.ActiveCfg = Debug|Any CPU
		{CC20683A-2464-456C-BC4F-7AA729CB8294}.Debug|Any CPU.Build.0 = Debug|Any CPU
		{CC20683A-2464-456C-BC4F-7AA729CB8294}.Release|Any CPU.ActiveCfg = Release|Any CPU
		{CC20683A-2464-456C-BC4F-7AA729CB8294}.Release|Any CPU.Build.0 = Release|Any CPU
		{ECE595CA-50BD-4418-B157-E8BCF93B5490}.Debug|Any CPU.ActiveCfg = Debug|Any CPU
		{ECE595CA-50BD-4418-B157-E8BCF93B5490}.Debug|Any CPU.Build.0 = Debug|Any CPU
		{ECE595CA-50BD-4418-B157-E8BCF93B5490}.Release|Any CPU.ActiveCfg = Release|Any CPU
		{ECE595CA-50BD-4418-B157-E8BCF93B5490}.Release|Any CPU.Build.0 = Release|Any CPU
	EndGlobalSection
	GlobalSection(SolutionProperties) = preSolution
		HideSolutionNode = FALSE
	EndGlobalSection
	GlobalSection(ExtensibilityGlobals) = postSolution
		SolutionGuid = {E3131FAD-132B-46E6-89D2-34E4234D3834}
	EndGlobalSection
EndGlobal
