
Microsoft Visual Studio Solution File, Format Version 12.00
# Visual Studio Version 17
VisualStudioVersion = 17.2.32602.215
MinimumVisualStudioVersion = 10.0.40219.1
Project("{FAE04EC0-301F-11D3-BF4B-00C04F79EFBC}") = "T.03", "T.03\T.03.csproj", "{CE93FD2D-EEAC-4A05-BF8B-1DDFC1944AB8}"
EndProject
Project("{FAE04EC0-301F-11D3-BF4B-00C04F79EFBC}") = "Aquariums.Tests", "Aquariums.Tests\Aquariums.Tests.csproj", "{38BD41C3-80B5-4B41-98FA-6EEDE0AC02B6}"
EndProject
Project("{FAE04EC0-301F-11D3-BF4B-00C04F79EFBC}") = "AquaShop", "AquaShop\AquaShop.csproj", "{0778C030-42B0-4A59-9E9F-1CAF53DE3F60}"
EndProject
Global
	GlobalSection(SolutionConfigurationPlatforms) = preSolution
		Debug|Any CPU = Debug|Any CPU
		Release|Any CPU = Release|Any CPU
	EndGlobalSection
	GlobalSection(ProjectConfigurationPlatforms) = postSolution
		{CE93FD2D-EEAC-4A05-BF8B-1DDFC1944AB8}.Debug|Any CPU.ActiveCfg = Debug|Any CPU
		{CE93FD2D-EEAC-4A05-BF8B-1DDFC1944AB8}.Debug|Any CPU.Build.0 = Debug|Any CPU
		{CE93FD2D-EEAC-4A05-BF8B-1DDFC1944AB8}.Release|Any CPU.ActiveCfg = Release|Any CPU
		{CE93FD2D-EEAC-4A05-BF8B-1DDFC1944AB8}.Release|Any CPU.Build.0 = Release|Any CPU
		{38BD41C3-80B5-4B41-98FA-6EEDE0AC02B6}.Debug|Any CPU.ActiveCfg = Debug|Any CPU
		{38BD41C3-80B5-4B41-98FA-6EEDE0AC02B6}.Debug|Any CPU.Build.0 = Debug|Any CPU
		{38BD41C3-80B5-4B41-98FA-6EEDE0AC02B6}.Release|Any CPU.ActiveCfg = Release|Any CPU
		{38BD41C3-80B5-4B41-98FA-6EEDE0AC02B6}.Release|Any CPU.Build.0 = Release|Any CPU
		{0778C030-42B0-4A59-9E9F-1CAF53DE3F60}.Debug|Any CPU.ActiveCfg = Debug|Any CPU
		{0778C030-42B0-4A59-9E9F-1CAF53DE3F60}.Debug|Any CPU.Build.0 = Debug|Any CPU
		{0778C030-42B0-4A59-9E9F-1CAF53DE3F60}.Release|Any CPU.ActiveCfg = Release|Any CPU
		{0778C030-42B0-4A59-9E9F-1CAF53DE3F60}.Release|Any CPU.Build.0 = Release|Any CPU
	EndGlobalSection
	GlobalSection(SolutionProperties) = preSolution
		HideSolutionNode = FALSE
	EndGlobalSection
	GlobalSection(ExtensibilityGlobals) = postSolution
		SolutionGuid = {34A5498E-F6D8-4BC4-BBE9-55424C61C24A}
	EndGlobalSection
EndGlobal
